{
  "name": "app",
  "lockfileVersion": 2,
  "requires": true,
  "packages": {
    "": {
      "dependencies": {
        "create-next-app": "^12.0.10"
      }
    },
    "node_modules/create-next-app": {
      "version": "12.0.10",
      "resolved": "https://registry.npmjs.org/create-next-app/-/create-next-app-12.0.10.tgz",
      "integrity": "sha512-HUmEobV6L//vZCImnD+fodaN5JZJpYtLq2qWr8x9gNumfHZ7w/Z9kjDUK/Y8vPFt6fAkTIzrTCbT1K2Vh7gsog==",
      "bin": {
        "create-next-app": "dist/index.js"
      },
      "engines": {
        "node": ">=12.22.0"
      }
    }
  },
  "dependencies": {
    "create-next-app": {
      "version": "12.0.10",
      "resolved": "https://registry.npmjs.org/create-next-app/-/create-next-app-12.0.10.tgz",
      "integrity": "sha512-HUmEobV6L//vZCImnD+fodaN5JZJpYtLq2qWr8x9gNumfHZ7w/Z9kjDUK/Y8vPFt6fAkTIzrTCbT1K2Vh7gsog=="
    }
  }
}
